
Microsoft Visual Studio Solution File, Format Version 12.00
# Visual Studio Version 17
VisualStudioVersion = 17.7.34009.444
MinimumVisualStudioVersion = 10.0.40219.1
Project("{FAE04EC0-301F-11D3-BF4B-00C04F79EFBC}") = "JwtAuthExample", "JwtAuthExample.csproj", "{839A05B4-6BE9-4C43-B590-F6D86BD89983}"
EndProject
Global
	GlobalSection(SolutionConfigurationPlatforms) = preSolution
		Debug|Any CPU = Debug|Any CPU
		Release|Any CPU = Release|Any CPU
	EndGlobalSection
	GlobalSection(ProjectConfigurationPlatforms) = postSolution
		{839A05B4-6BE9-4C43-B590-F6D86BD89983}.Debug|Any CPU.ActiveCfg = Debug|Any CPU
		{839A05B4-6BE9-4C43-B590-F6D86BD89983}.Debug|Any CPU.Build.0 = Debug|Any CPU
		{839A05B4-6BE9-4C43-B590-F6D86BD89983}.Release|Any CPU.ActiveCfg = Release|Any CPU
		{839A05B4-6BE9-4C43-B590-F6D86BD89983}.Release|Any CPU.Build.0 = Release|Any CPU
	EndGlobalSection
	GlobalSection(SolutionProperties) = preSolution
		HideSolutionNode = FALSE
	EndGlobalSection
	GlobalSection(ExtensibilityGlobals) = postSolution
		SolutionGuid = {67F81DEA-8897-4C92-B369-5917357533D1}
	EndGlobalSection
EndGlobal
